// !$*UTF8*$!
{
	archiveVersion = 1;
	classes = {
	};
	objectVersion = 46;
	objects = {

/* Begin PBXBuildFile section */
		A00D55161A99F0A70085E617 /* break.png in Resources */ = {isa = PBXBuildFile; fileRef = A00D55151A99F0A70085E617 /* break.png */; };
		A00D55181A99F2DC0085E617 /* exp1.png in Resources */ = {isa = PBXBuildFile; fileRef = A00D55171A99F2DC0085E617 /* exp1.png */; };
		A00D551A1A99F2E50085E617 /* desk.png in Resources */ = {isa = PBXBuildFile; fileRef = A00D55191A99F2E50085E617 /* desk.png */; };
		A00D551C1A99F3080085E617 /* HowTo.swift in Sources */ = {isa = PBXBuildFile; fileRef = A00D551B1A99F3080085E617 /* HowTo.swift */; };
		A00D551E1A99FD120085E617 /* sei_ge_garasu_ware01.mp3 in Resources */ = {isa = PBXBuildFile; fileRef = A00D551D1A99FD120085E617 /* sei_ge_garasu_ware01.mp3 */; };
		A03449EE1A4BA22E00F0AA80 /* macbook.png in Resources */ = {isa = PBXBuildFile; fileRef = A03449ED1A4BA22E00F0AA80 /* macbook.png */; };
		A045A0CA1A41DB270053D5F7 /* Black.png in Resources */ = {isa = PBXBuildFile; fileRef = A045A0C91A41DB270053D5F7 /* Black.png */; };
		A070AFBF1A2FF98800FFC704 /* AppDelegate.swift in Sources */ = {isa = PBXBuildFile; fileRef = A070AFBE1A2FF98800FFC704 /* AppDelegate.swift */; };
		A070AFC31A2FF98800FFC704 /* GameScene.swift in Sources */ = {isa = PBXBuildFile; fileRef = A070AFC21A2FF98800FFC704 /* GameScene.swift */; };
		A070AFC51A2FF98800FFC704 /* GameViewController.swift in Sources */ = {isa = PBXBuildFile; fileRef = A070AFC41A2FF98800FFC704 /* GameViewController.swift */; };
		A070AFC81A2FF98800FFC704 /* Main.storyboard in Resources */ = {isa = PBXBuildFile; fileRef = A070AFC61A2FF98800FFC704 /* Main.storyboard */; };
		A070AFCA1A2FF98800FFC704 /* Images.xcassets in Resources */ = {isa = PBXBuildFile; fileRef = A070AFC91A2FF98800FFC704 /* Images.xcassets */; };
		A070AFCD1A2FF98800FFC704 /* LaunchScreen.xib in Resources */ = {isa = PBXBuildFile; fileRef = A070AFCB1A2FF98800FFC704 /* LaunchScreen.xib */; };
		A070AFD91A2FF98800FFC704 /* TapBreakTests.swift in Sources */ = {isa = PBXBuildFile; fileRef = A070AFD81A2FF98800FFC704 /* TapBreakTests.swift */; };
		A0A53A1D1A393CC400EF0EF8 /* Circle.png in Resources */ = {isa = PBXBuildFile; fileRef = A0A53A1C1A393CC400EF0EF8 /* Circle.png */; };
		A0B3388C1A66D2AC00D59718 /* StartScene.swift in Sources */ = {isa = PBXBuildFile; fileRef = A0B3388B1A66D2AC00D59718 /* StartScene.swift */; };
		A0B3388E1A6753F700D59718 /* ResultScene.swift in Sources */ = {isa = PBXBuildFile; fileRef = A0B3388D1A6753F700D59718 /* ResultScene.swift */; };
		A0B3F5481A4A6E1E0016EDC7 /* Batsu.png in Resources */ = {isa = PBXBuildFile; fileRef = A0B3F5471A4A6E1E0016EDC7 /* Batsu.png */; };
		A0C66E8B1A98610D00854183 /* glass-break4.mp3 in Resources */ = {isa = PBXBuildFile; fileRef = A0C66E8A1A98610D00854183 /* glass-break4.mp3 */; };
		A0C66E8D1A98617300854183 /* glass-break2.mp3 in Resources */ = {isa = PBXBuildFile; fileRef = A0C66E8C1A98617300854183 /* glass-break2.mp3 */; };
		A0C66E8F1A986F1A00854183 /* macbook11.png in Resources */ = {isa = PBXBuildFile; fileRef = A0C66E8E1A986F1A00854183 /* macbook11.png */; };
		A0C66E921A98DC8100854183 /* MacSmoke.sks in Resources */ = {isa = PBXBuildFile; fileRef = A0C66E901A98DC8100854183 /* MacSmoke.sks */; };
		A0C66E931A98DC8100854183 /* spark.png in Resources */ = {isa = PBXBuildFile; fileRef = A0C66E911A98DC8100854183 /* spark.png */; };
		A0C66E951A98F7A300854183 /* SmokeParticle.swift in Sources */ = {isa = PBXBuildFile; fileRef = A0C66E941A98F7A300854183 /* SmokeParticle.swift */; };
		A0C66E971A99A4BE00854183 /* glass-crack1.mp3 in Resources */ = {isa = PBXBuildFile; fileRef = A0C66E961A99A4BE00854183 /* glass-crack1.mp3 */; };
		A0C66E991A99BD0D00854183 /* Title.png in Resources */ = {isa = PBXBuildFile; fileRef = A0C66E981A99BD0D00854183 /* Title.png */; };
		A0C66E9B1A99C25B00854183 /* mactitle.png in Resources */ = {isa = PBXBuildFile; fileRef = A0C66E9A1A99C25B00854183 /* mactitle.png */; };
		A0C66E9F1A99C6C800854183 /* bgm_maoudamashii_cyber03.mp3 in Resources */ = {isa = PBXBuildFile; fileRef = A0C66E9C1A99C6C800854183 /* bgm_maoudamashii_cyber03.mp3 */; };
		A0C66EA01A99C6C800854183 /* bgm_maoudamashii_cyber07-1.mp3 in Resources */ = {isa = PBXBuildFile; fileRef = A0C66E9D1A99C6C800854183 /* bgm_maoudamashii_cyber07-1.mp3 */; };
		A0C66EA11A99C6C800854183 /* BGM.m4a in Resources */ = {isa = PBXBuildFile; fileRef = A0C66E9E1A99C6C800854183 /* BGM.m4a */; };
		A0C66EA31A99D90400854183 /* BGMplayer.swift in Sources */ = {isa = PBXBuildFile; fileRef = A0C66EA21A99D90300854183 /* BGMplayer.swift */; };
		A0C66EA51A99E1B400854183 /* BGM_4.wav in Resources */ = {isa = PBXBuildFile; fileRef = A0C66EA41A99E1B400854183 /* BGM_4.wav */; };
		A0E585671A95A9FB0051D209 /* macbook4.png in Resources */ = {isa = PBXBuildFile; fileRef = A0E585661A95A9FB0051D209 /* macbook4.png */; };
		A0E585691A95AB220051D209 /* macbook5.png in Resources */ = {isa = PBXBuildFile; fileRef = A0E585681A95AB220051D209 /* macbook5.png */; };
		A0E5856B1A95ADC20051D209 /* macbook6.png in Resources */ = {isa = PBXBuildFile; fileRef = A0E5856A1A95ADC20051D209 /* macbook6.png */; };
		A0E5856D1A95B1D40051D209 /* macbook7.png in Resources */ = {isa = PBXBuildFile; fileRef = A0E5856C1A95B1D40051D209 /* macbook7.png */; };
		A0E5856F1A95B1DB0051D209 /* macbook8.png in Resources */ = {isa = PBXBuildFile; fileRef = A0E5856E1A95B1DB0051D209 /* macbook8.png */; };
		A0E585711A95B1E10051D209 /* macbook9.png in Resources */ = {isa = PBXBuildFile; fileRef = A0E585701A95B1E10051D209 /* macbook9.png */; };
		A0E585731A95B1E80051D209 /* macbook10.png in Resources */ = {isa = PBXBuildFile; fileRef = A0E585721A95B1E80051D209 /* macbook10.png */; };
		A0F02BA11A79D30200FFDA46 /* short_punch1.mp3 in Resources */ = {isa = PBXBuildFile; fileRef = A0F02BA01A79D30200FFDA46 /* short_punch1.mp3 */; };
		A0F02BA31A79D59B00FFDA46 /* macbook3.png in Resources */ = {isa = PBXBuildFile; fileRef = A0F02BA21A79D59B00FFDA46 /* macbook3.png */; };
		A0F8DE2B1A9727860069C557 /* macbook.swift in Sources */ = {isa = PBXBuildFile; fileRef = A0F8DE2A1A9727860069C557 /* macbook.swift */; };
/* End PBXBuildFile section */

/* Begin PBXContainerItemProxy section */
		A070AFD31A2FF98800FFC704 /* PBXContainerItemProxy */ = {
			isa = PBXContainerItemProxy;
			containerPortal = A070AFB11A2FF98800FFC704 /* Project object */;
			proxyType = 1;
			remoteGlobalIDString = A070AFB81A2FF98800FFC704;
			remoteInfo = TapBreak;
		};
/* End PBXContainerItemProxy section */

/* Begin PBXFileReference section */
		A00D55151A99F0A70085E617 /* break.png */ = {isa = PBXFileReference; lastKnownFileType = image.png; path = break.png; sourceTree = "<group>"; };
		A00D55171A99F2DC0085E617 /* exp1.png */ = {isa = PBXFileReference; lastKnownFileType = image.png; path = exp1.png; sourceTree = "<group>"; };
		A00D55191A99F2E50085E617 /* desk.png */ = {isa = PBXFileReference; lastKnownFileType = image.png; path = desk.png; sourceTree = "<group>"; };
		A00D551B1A99F3080085E617 /* HowTo.swift */ = {isa = PBXFileReference; fileEncoding = 4; lastKnownFileType = sourcecode.swift; path = HowTo.swift; sourceTree = "<group>"; };
		A00D551D1A99FD120085E617 /* sei_ge_garasu_ware01.mp3 */ = {isa = PBXFileReference; lastKnownFileType = audio.mp3; path = sei_ge_garasu_ware01.mp3; sourceTree = "<group>"; };
		A03449ED1A4BA22E00F0AA80 /* macbook.png */ = {isa = PBXFileReference; lastKnownFileType = image.png; path = macbook.png; sourceTree = "<group>"; };
		A045A0C91A41DB270053D5F7 /* Black.png */ = {isa = PBXFileReference; lastKnownFileType = image.png; path = Black.png; sourceTree = "<group>"; };
		A070AFB91A2FF98800FFC704 /* TapBreak.app */ = {isa = PBXFileReference; explicitFileType = wrapper.application; includeInIndex = 0; path = TapBreak.app; sourceTree = BUILT_PRODUCTS_DIR; };
		A070AFBD1A2FF98800FFC704 /* Info.plist */ = {isa = PBXFileReference; lastKnownFileType = text.plist.xml; path = Info.plist; sourceTree = "<group>"; };
		A070AFBE1A2FF98800FFC704 /* AppDelegate.swift */ = {isa = PBXFileReference; lastKnownFileType = sourcecode.swift; path = AppDelegate.swift; sourceTree = "<group>"; };
		A070AFC21A2FF98800FFC704 /* GameScene.swift */ = {isa = PBXFileReference; lastKnownFileType = sourcecode.swift; path = GameScene.swift; sourceTree = "<group>"; };
		A070AFC41A2FF98800FFC704 /* GameViewController.swift */ = {isa = PBXFileReference; lastKnownFileType = sourcecode.swift; path = GameViewController.swift; sourceTree = "<group>"; };
		A070AFC71A2FF98800FFC704 /* Base */ = {isa = PBXFileReference; lastKnownFileType = file.storyboard; name = Base; path = Base.lproj/Main.storyboard; sourceTree = "<group>"; };
		A070AFC91A2FF98800FFC704 /* Images.xcassets */ = {isa = PBXFileReference; lastKnownFileType = folder.assetcatalog; path = Images.xcassets; sourceTree = "<group>"; };
		A070AFCC1A2FF98800FFC704 /* Base */ = {isa = PBXFileReference; lastKnownFileType = file.xib; name = Base; path = Base.lproj/LaunchScreen.xib; sourceTree = "<group>"; };
		A070AFD21A2FF98800FFC704 /* TapBreakTests.xctest */ = {isa = PBXFileReference; explicitFileType = wrapper.cfbundle; includeInIndex = 0; path = TapBreakTests.xctest; sourceTree = BUILT_PRODUCTS_DIR; };
		A070AFD71A2FF98800FFC704 /* Info.plist */ = {isa = PBXFileReference; lastKnownFileType = text.plist.xml; path = Info.plist; sourceTree = "<group>"; };
		A070AFD81A2FF98800FFC704 /* TapBreakTests.swift */ = {isa = PBXFileReference; lastKnownFileType = sourcecode.swift; path = TapBreakTests.swift; sourceTree = "<group>"; };
		A0A53A1C1A393CC400EF0EF8 /* Circle.png */ = {isa = PBXFileReference; lastKnownFileType = image.png; path = Circle.png; sourceTree = "<group>"; };
		A0B3388B1A66D2AC00D59718 /* StartScene.swift */ = {isa = PBXFileReference; fileEncoding = 4; lastKnownFileType = sourcecode.swift; path = StartScene.swift; sourceTree = "<group>"; };
		A0B3388D1A6753F700D59718 /* ResultScene.swift */ = {isa = PBXFileReference; fileEncoding = 4; lastKnownFileType = sourcecode.swift; path = ResultScene.swift; sourceTree = "<group>"; };
		A0B3F5471A4A6E1E0016EDC7 /* Batsu.png */ = {isa = PBXFileReference; lastKnownFileType = image.png; path = Batsu.png; sourceTree = "<group>"; };
		A0C66E8A1A98610D00854183 /* glass-break4.mp3 */ = {isa = PBXFileReference; lastKnownFileType = audio.mp3; path = "glass-break4.mp3"; sourceTree = "<group>"; };
		A0C66E8C1A98617300854183 /* glass-break2.mp3 */ = {isa = PBXFileReference; lastKnownFileType = audio.mp3; path = "glass-break2.mp3"; sourceTree = "<group>"; };
		A0C66E8E1A986F1A00854183 /* macbook11.png */ = {isa = PBXFileReference; lastKnownFileType = image.png; path = macbook11.png; sourceTree = "<group>"; };
		A0C66E901A98DC8100854183 /* MacSmoke.sks */ = {isa = PBXFileReference; lastKnownFileType = file.sks; path = MacSmoke.sks; sourceTree = "<group>"; };
		A0C66E911A98DC8100854183 /* spark.png */ = {isa = PBXFileReference; lastKnownFileType = image.png; path = spark.png; sourceTree = "<group>"; };
		A0C66E941A98F7A300854183 /* SmokeParticle.swift */ = {isa = PBXFileReference; fileEncoding = 4; lastKnownFileType = sourcecode.swift; path = SmokeParticle.swift; sourceTree = "<group>"; };
		A0C66E961A99A4BE00854183 /* glass-crack1.mp3 */ = {isa = PBXFileReference; lastKnownFileType = audio.mp3; path = "glass-crack1.mp3"; sourceTree = "<group>"; };
		A0C66E981A99BD0D00854183 /* Title.png */ = {isa = PBXFileReference; lastKnownFileType = image.png; path = Title.png; sourceTree = "<group>"; };
		A0C66E9A1A99C25B00854183 /* mactitle.png */ = {isa = PBXFileReference; lastKnownFileType = image.png; path = mactitle.png; sourceTree = "<group>"; };
		A0C66E9C1A99C6C800854183 /* bgm_maoudamashii_cyber03.mp3 */ = {isa = PBXFileReference; lastKnownFileType = audio.mp3; path = bgm_maoudamashii_cyber03.mp3; sourceTree = "<group>"; };
		A0C66E9D1A99C6C800854183 /* bgm_maoudamashii_cyber07-1.mp3 */ = {isa = PBXFileReference; lastKnownFileType = audio.mp3; path = "bgm_maoudamashii_cyber07-1.mp3"; sourceTree = "<group>"; };
		A0C66E9E1A99C6C800854183 /* BGM.m4a */ = {isa = PBXFileReference; lastKnownFileType = file; path = BGM.m4a; sourceTree = "<group>"; };
		A0C66EA21A99D90300854183 /* BGMplayer.swift */ = {isa = PBXFileReference; fileEncoding = 4; lastKnownFileType = sourcecode.swift; path = BGMplayer.swift; sourceTree = "<group>"; };
		A0C66EA41A99E1B400854183 /* BGM_4.wav */ = {isa = PBXFileReference; lastKnownFileType = audio.wav; path = BGM_4.wav; sourceTree = "<group>"; };
		A0E585661A95A9FB0051D209 /* macbook4.png */ = {isa = PBXFileReference; lastKnownFileType = image.png; path = macbook4.png; sourceTree = "<group>"; };
		A0E585681A95AB220051D209 /* macbook5.png */ = {isa = PBXFileReference; lastKnownFileType = image.png; path = macbook5.png; sourceTree = "<group>"; };
		A0E5856A1A95ADC20051D209 /* macbook6.png */ = {isa = PBXFileReference; lastKnownFileType = image.png; path = macbook6.png; sourceTree = "<group>"; };
		A0E5856C1A95B1D40051D209 /* macbook7.png */ = {isa = PBXFileReference; lastKnownFileType = image.png; path = macbook7.png; sourceTree = "<group>"; };
		A0E5856E1A95B1DB0051D209 /* macbook8.png */ = {isa = PBXFileReference; lastKnownFileType = image.png; path = macbook8.png; sourceTree = "<group>"; };
		A0E585701A95B1E10051D209 /* macbook9.png */ = {isa = PBXFileReference; lastKnownFileType = image.png; path = macbook9.png; sourceTree = "<group>"; };
		A0E585721A95B1E80051D209 /* macbook10.png */ = {isa = PBXFileReference; lastKnownFileType = image.png; path = macbook10.png; sourceTree = "<group>"; };
		A0F02BA01A79D30200FFDA46 /* short_punch1.mp3 */ = {isa = PBXFileReference; lastKnownFileType = audio.mp3; path = short_punch1.mp3; sourceTree = "<group>"; };
		A0F02BA21A79D59B00FFDA46 /* macbook3.png */ = {isa = PBXFileReference; lastKnownFileType = image.png; path = macbook3.png; sourceTree = "<group>"; };
		A0F8DE2A1A9727860069C557 /* macbook.swift */ = {isa = PBXFileReference; fileEncoding = 4; lastKnownFileType = sourcecode.swift; path = macbook.swift; sourceTree = "<group>"; };
/* End PBXFileReference section */

/* Begin PBXFrameworksBuildPhase section */
		A070AFB61A2FF98800FFC704 /* Frameworks */ = {
			isa = PBXFrameworksBuildPhase;
			buildActionMask = 2147483647;
			files = (
			);
			runOnlyForDeploymentPostprocessing = 0;
		};
		A070AFCF1A2FF98800FFC704 /* Frameworks */ = {
			isa = PBXFrameworksBuildPhase;
			buildActionMask = 2147483647;
			files = (
			);
			runOnlyForDeploymentPostprocessing = 0;
		};
/* End PBXFrameworksBuildPhase section */

/* Begin PBXGroup section */
		A070AFB01A2FF98800FFC704 = {
			isa = PBXGroup;
			children = (
				A070AFBB1A2FF98800FFC704 /* TapBreak */,
				A070AFD51A2FF98800FFC704 /* TapBreakTests */,
				A070AFBA1A2FF98800FFC704 /* Products */,
			);
			sourceTree = "<group>";
		};
		A070AFBA1A2FF98800FFC704 /* Products */ = {
			isa = PBXGroup;
			children = (
				A070AFB91A2FF98800FFC704 /* TapBreak.app */,
				A070AFD21A2FF98800FFC704 /* TapBreakTests.xctest */,
			);
			name = Products;
			sourceTree = "<group>";
		};
		A070AFBB1A2FF98800FFC704 /* TapBreak */ = {
			isa = PBXGroup;
			children = (
				A070AFBE1A2FF98800FFC704 /* AppDelegate.swift */,
				A070AFC21A2FF98800FFC704 /* GameScene.swift */,
				A0B3388D1A6753F700D59718 /* ResultScene.swift */,
				A00D551B1A99F3080085E617 /* HowTo.swift */,
				A0C66EA21A99D90300854183 /* BGMplayer.swift */,
				A0C66E901A98DC8100854183 /* MacSmoke.sks */,
				A0C66E911A98DC8100854183 /* spark.png */,
				A0C66E941A98F7A300854183 /* SmokeParticle.swift */,
				A0F8DE2A1A9727860069C557 /* macbook.swift */,
				A0B3388B1A66D2AC00D59718 /* StartScene.swift */,
				A070AFC41A2FF98800FFC704 /* GameViewController.swift */,
				A070AFC61A2FF98800FFC704 /* Main.storyboard */,
				A070AFC91A2FF98800FFC704 /* Images.xcassets */,
				A070AFCB1A2FF98800FFC704 /* LaunchScreen.xib */,
				A070AFBC1A2FF98800FFC704 /* Supporting Files */,
			);
			path = TapBreak;
			sourceTree = "<group>";
		};
		A070AFBC1A2FF98800FFC704 /* Supporting Files */ = {
			isa = PBXGroup;
			children = (
				A03449ED1A4BA22E00F0AA80 /* macbook.png */,
				A0E585661A95A9FB0051D209 /* macbook4.png */,
				A0E585681A95AB220051D209 /* macbook5.png */,
				A00D55151A99F0A70085E617 /* break.png */,
				A00D55191A99F2E50085E617 /* desk.png */,
				A00D55171A99F2DC0085E617 /* exp1.png */,
				A0E5856A1A95ADC20051D209 /* macbook6.png */,
				A0C66E9A1A99C25B00854183 /* mactitle.png */,
				A0E5856E1A95B1DB0051D209 /* macbook8.png */,
				A0C66E8A1A98610D00854183 /* glass-break4.mp3 */,
				A0C66E9C1A99C6C800854183 /* bgm_maoudamashii_cyber03.mp3 */,
				A0C66E9D1A99C6C800854183 /* bgm_maoudamashii_cyber07-1.mp3 */,
				A0C66E9E1A99C6C800854183 /* BGM.m4a */,
				A0C66EA41A99E1B400854183 /* BGM_4.wav */,
				A00D551D1A99FD120085E617 /* sei_ge_garasu_ware01.mp3 */,
				A0C66E981A99BD0D00854183 /* Title.png */,
				A0E585701A95B1E10051D209 /* macbook9.png */,
				A0C66E8C1A98617300854183 /* glass-break2.mp3 */,
				A0C66E961A99A4BE00854183 /* glass-crack1.mp3 */,
				A0C66E8E1A986F1A00854183 /* macbook11.png */,
				A0E585721A95B1E80051D209 /* macbook10.png */,
				A0E5856C1A95B1D40051D209 /* macbook7.png */,
				A0B3F5471A4A6E1E0016EDC7 /* Batsu.png */,
				A045A0C91A41DB270053D5F7 /* Black.png */,
				A0F02BA21A79D59B00FFDA46 /* macbook3.png */,
				A0F02BA01A79D30200FFDA46 /* short_punch1.mp3 */,
				A0A53A1C1A393CC400EF0EF8 /* Circle.png */,
				A070AFBD1A2FF98800FFC704 /* Info.plist */,
			);
			name = "Supporting Files";
			sourceTree = "<group>";
		};
		A070AFD51A2FF98800FFC704 /* TapBreakTests */ = {
			isa = PBXGroup;
			children = (
				A070AFD81A2FF98800FFC704 /* TapBreakTests.swift */,
				A070AFD61A2FF98800FFC704 /* Supporting Files */,
			);
			path = TapBreakTests;
			sourceTree = "<group>";
		};
		A070AFD61A2FF98800FFC704 /* Supporting Files */ = {
			isa = PBXGroup;
			children = (
				A070AFD71A2FF98800FFC704 /* Info.plist */,
			);
			name = "Supporting Files";
			sourceTree = "<group>";
		};
/* End PBXGroup section */

/* Begin PBXNativeTarget section */
		A070AFB81A2FF98800FFC704 /* TapBreak */ = {
			isa = PBXNativeTarget;
			buildConfigurationList = A070AFDC1A2FF98800FFC704 /* Build configuration list for PBXNativeTarget "TapBreak" */;
			buildPhases = (
				A070AFB51A2FF98800FFC704 /* Sources */,
				A070AFB61A2FF98800FFC704 /* Frameworks */,
				A070AFB71A2FF98800FFC704 /* Resources */,
			);
			buildRules = (
			);
			dependencies = (
			);
			name = TapBreak;
			productName = TapBreak;
			productReference = A070AFB91A2FF98800FFC704 /* TapBreak.app */;
			productType = "com.apple.product-type.application";
		};
		A070AFD11A2FF98800FFC704 /* TapBreakTests */ = {
			isa = PBXNativeTarget;
			buildConfigurationList = A070AFDF1A2FF98800FFC704 /* Build configuration list for PBXNativeTarget "TapBreakTests" */;
			buildPhases = (
				A070AFCE1A2FF98800FFC704 /* Sources */,
				A070AFCF1A2FF98800FFC704 /* Frameworks */,
				A070AFD01A2FF98800FFC704 /* Resources */,
			);
			buildRules = (
			);
			dependencies = (
				A070AFD41A2FF98800FFC704 /* PBXTargetDependency */,
			);
			name = TapBreakTests;
			productName = TapBreakTests;
			productReference = A070AFD21A2FF98800FFC704 /* TapBreakTests.xctest */;
			productType = "com.apple.product-type.bundle.unit-test";
		};
/* End PBXNativeTarget section */

/* Begin PBXProject section */
		A070AFB11A2FF98800FFC704 /* Project object */ = {
			isa = PBXProject;
			attributes = {
				LastUpgradeCheck = 0610;
				ORGANIZATIONNAME = "Modering-Team-F";
				TargetAttributes = {
					A070AFB81A2FF98800FFC704 = {
						CreatedOnToolsVersion = 6.1;
					};
					A070AFD11A2FF98800FFC704 = {
						CreatedOnToolsVersion = 6.1;
						TestTargetID = A070AFB81A2FF98800FFC704;
					};
				};
			};
			buildConfigurationList = A070AFB41A2FF98800FFC704 /* Build configuration list for PBXProject "TapBreak" */;
			compatibilityVersion = "Xcode 3.2";
			developmentRegion = English;
			hasScannedForEncodings = 0;
			knownRegions = (
				en,
				Base,
			);
			mainGroup = A070AFB01A2FF98800FFC704;
			productRefGroup = A070AFBA1A2FF98800FFC704 /* Products */;
			projectDirPath = "";
			projectRoot = "";
			targets = (
				A070AFB81A2FF98800FFC704 /* TapBreak */,
				A070AFD11A2FF98800FFC704 /* TapBreakTests */,
			);
		};
/* End PBXProject section */

/* Begin PBXResourcesBuildPhase section */
		A070AFB71A2FF98800FFC704 /* Resources */ = {
			isa = PBXResourcesBuildPhase;
			buildActionMask = 2147483647;
			files = (
				A0C66E991A99BD0D00854183 /* Title.png in Resources */,
				A0F02BA31A79D59B00FFDA46 /* macbook3.png in Resources */,
				A0C66E9F1A99C6C800854183 /* bgm_maoudamashii_cyber03.mp3 in Resources */,
				A0E5856F1A95B1DB0051D209 /* macbook8.png in Resources */,
				A0C66E8F1A986F1A00854183 /* macbook11.png in Resources */,
				A0C66E921A98DC8100854183 /* MacSmoke.sks in Resources */,
				A0C66E8B1A98610D00854183 /* glass-break4.mp3 in Resources */,
				A070AFCD1A2FF98800FFC704 /* LaunchScreen.xib in Resources */,
				A045A0CA1A41DB270053D5F7 /* Black.png in Resources */,
				A070AFCA1A2FF98800FFC704 /* Images.xcassets in Resources */,
				A0C66EA51A99E1B400854183 /* BGM_4.wav in Resources */,
				A00D55181A99F2DC0085E617 /* exp1.png in Resources */,
				A0C66E8D1A98617300854183 /* glass-break2.mp3 in Resources */,
				A0C66E9B1A99C25B00854183 /* mactitle.png in Resources */,
				A00D551A1A99F2E50085E617 /* desk.png in Resources */,
				A070AFC81A2FF98800FFC704 /* Main.storyboard in Resources */,
				A0C66E931A98DC8100854183 /* spark.png in Resources */,
				A0F02BA11A79D30200FFDA46 /* short_punch1.mp3 in Resources */,
				A0B3F5481A4A6E1E0016EDC7 /* Batsu.png in Resources */,
				A00D551E1A99FD120085E617 /* sei_ge_garasu_ware01.mp3 in Resources */,
				A00D55161A99F0A70085E617 /* break.png in Resources */,
				A0C66EA01A99C6C800854183 /* bgm_maoudamashii_cyber07-1.mp3 in Resources */,
				A0E585691A95AB220051D209 /* macbook5.png in Resources */,
				A0C66EA11A99C6C800854183 /* BGM.m4a in Resources */,
				A0C66E971A99A4BE00854183 /* glass-crack1.mp3 in Resources */,
				A0E5856D1A95B1D40051D209 /* macbook7.png in Resources */,
				A0E585671A95A9FB0051D209 /* macbook4.png in Resources */,
				A0E5856B1A95ADC20051D209 /* macbook6.png in Resources */,
				A0E585711A95B1E10051D209 /* macbook9.png in Resources */,
				A0E585731A95B1E80051D209 /* macbook10.png in Resources */,
				A0A53A1D1A393CC400EF0EF8 /* Circle.png in Resources */,
				A03449EE1A4BA22E00F0AA80 /* macbook.png in Resources */,
			);
			runOnlyForDeploymentPostprocessing = 0;
		};
		A070AFD01A2FF98800FFC704 /* Resources */ = {
			isa = PBXResourcesBuildPhase;
			buildActionMask = 2147483647;
			files = (
			);
			runOnlyForDeploymentPostprocessing = 0;
		};
/* End PBXResourcesBuildPhase section */

/* Begin PBXSourcesBuildPhase section */
		A070AFB51A2FF98800FFC704 /* Sources */ = {
			isa = PBXSourcesBuildPhase;
			buildActionMask = 2147483647;
			files = (
				A070AFC31A2FF98800FFC704 /* GameScene.swift in Sources */,
				A070AFC51A2FF98800FFC704 /* GameViewController.swift in Sources */,
				A0F8DE2B1A9727860069C557 /* macbook.swift in Sources */,
				A070AFBF1A2FF98800FFC704 /* AppDelegate.swift in Sources */,
				A0B3388E1A6753F700D59718 /* ResultScene.swift in Sources */,
				A0C66EA31A99D90400854183 /* BGMplayer.swift in Sources */,
				A00D551C1A99F3080085E617 /* HowTo.swift in Sources */,
				A0C66E951A98F7A300854183 /* SmokeParticle.swift in Sources */,
				A0B3388C1A66D2AC00D59718 /* StartScene.swift in Sources */,
			);
			runOnlyForDeploymentPostprocessing = 0;
		};
		A070AFCE1A2FF98800FFC704 /* Sources */ = {
			isa = PBXSourcesBuildPhase;
			buildActionMask = 2147483647;
			files = (
				A070AFD91A2FF98800FFC704 /* TapBreakTests.swift in Sources */,
			);
			runOnlyForDeploymentPostprocessing = 0;
		};
/* End PBXSourcesBuildPhase section */

/* Begin PBXTargetDependency section */
		A070AFD41A2FF98800FFC704 /* PBXTargetDependency */ = {
			isa = PBXTargetDependency;
			target = A070AFB81A2FF98800FFC704 /* TapBreak */;
			targetProxy = A070AFD31A2FF98800FFC704 /* PBXContainerItemProxy */;
		};
/* End PBXTargetDependency section */

/* Begin PBXVariantGroup section */
		A070AFC61A2FF98800FFC704 /* Main.storyboard */ = {
			isa = PBXVariantGroup;
			children = (
				A070AFC71A2FF98800FFC704 /* Base */,
			);
			name = Main.storyboard;
			sourceTree = "<group>";
		};
		A070AFCB1A2FF98800FFC704 /* LaunchScreen.xib */ = {
			isa = PBXVariantGroup;
			children = (
				A070AFCC1A2FF98800FFC704 /* Base */,
			);
			name = LaunchScreen.xib;
			sourceTree = "<group>";
		};
/* End PBXVariantGroup section */

/* Begin XCBuildConfiguration section */
		A070AFDA1A2FF98800FFC704 /* Debug */ = {
			isa = XCBuildConfiguration;
			buildSettings = {
				ALWAYS_SEARCH_USER_PATHS = NO;
				CLANG_CXX_LANGUAGE_STANDARD = "gnu++0x";
				CLANG_CXX_LIBRARY = "libc++";
				CLANG_ENABLE_MODULES = YES;
				CLANG_ENABLE_OBJC_ARC = YES;
				CLANG_WARN_BOOL_CONVERSION = YES;
				CLANG_WARN_CONSTANT_CONVERSION = YES;
				CLANG_WARN_DIRECT_OBJC_ISA_USAGE = YES_ERROR;
				CLANG_WARN_EMPTY_BODY = YES;
				CLANG_WARN_ENUM_CONVERSION = YES;
				CLANG_WARN_INT_CONVERSION = YES;
				CLANG_WARN_OBJC_ROOT_CLASS = YES_ERROR;
				CLANG_WARN_UNREACHABLE_CODE = YES;
				CLANG_WARN__DUPLICATE_METHOD_MATCH = YES;
				"CODE_SIGN_IDENTITY[sdk=iphoneos*]" = "iPhone Developer";
				COPY_PHASE_STRIP = NO;
				ENABLE_STRICT_OBJC_MSGSEND = YES;
				GCC_C_LANGUAGE_STANDARD = gnu99;
				GCC_DYNAMIC_NO_PIC = NO;
				GCC_OPTIMIZATION_LEVEL = 0;
				GCC_PREPROCESSOR_DEFINITIONS = (
					"DEBUG=1",
					"$(inherited)",
				);
				GCC_SYMBOLS_PRIVATE_EXTERN = NO;
				GCC_WARN_64_TO_32_BIT_CONVERSION = YES;
				GCC_WARN_ABOUT_RETURN_TYPE = YES_ERROR;
				GCC_WARN_UNDECLARED_SELECTOR = YES;
				GCC_WARN_UNINITIALIZED_AUTOS = YES_AGGRESSIVE;
				GCC_WARN_UNUSED_FUNCTION = YES;
				GCC_WARN_UNUSED_VARIABLE = YES;
				IPHONEOS_DEPLOYMENT_TARGET = 8.1;
				MTL_ENABLE_DEBUG_INFO = YES;
				ONLY_ACTIVE_ARCH = YES;
				SDKROOT = iphoneos;
				SWIFT_OPTIMIZATION_LEVEL = "-Onone";
				TARGETED_DEVICE_FAMILY = "1,2";
			};
			name = Debug;
		};
		A070AFDB1A2FF98800FFC704 /* Release */ = {
			isa = XCBuildConfiguration;
			buildSettings = {
				ALWAYS_SEARCH_USER_PATHS = NO;
				CLANG_CXX_LANGUAGE_STANDARD = "gnu++0x";
				CLANG_CXX_LIBRARY = "libc++";
				CLANG_ENABLE_MODULES = YES;
				CLANG_ENABLE_OBJC_ARC = YES;
				CLANG_WARN_BOOL_CONVERSION = YES;
				CLANG_WARN_CONSTANT_CONVERSION = YES;
				CLANG_WARN_DIRECT_OBJC_ISA_USAGE = YES_ERROR;
				CLANG_WARN_EMPTY_BODY = YES;
				CLANG_WARN_ENUM_CONVERSION = YES;
				CLANG_WARN_INT_CONVERSION = YES;
				CLANG_WARN_OBJC_ROOT_CLASS = YES_ERROR;
				CLANG_WARN_UNREACHABLE_CODE = YES;
				CLANG_WARN__DUPLICATE_METHOD_MATCH = YES;
				"CODE_SIGN_IDENTITY[sdk=iphoneos*]" = "iPhone Developer";
				COPY_PHASE_STRIP = YES;
				ENABLE_NS_ASSERTIONS = NO;
				ENABLE_STRICT_OBJC_MSGSEND = YES;
				GCC_C_LANGUAGE_STANDARD = gnu99;
				GCC_WARN_64_TO_32_BIT_CONVERSION = YES;
				GCC_WARN_ABOUT_RETURN_TYPE = YES_ERROR;
				GCC_WARN_UNDECLARED_SELECTOR = YES;
				GCC_WARN_UNINITIALIZED_AUTOS = YES_AGGRESSIVE;
				GCC_WARN_UNUSED_FUNCTION = YES;
				GCC_WARN_UNUSED_VARIABLE = YES;
				IPHONEOS_DEPLOYMENT_TARGET = 8.1;
				MTL_ENABLE_DEBUG_INFO = NO;
				SDKROOT = iphoneos;
				TARGETED_DEVICE_FAMILY = "1,2";
				VALIDATE_PRODUCT = YES;
			};
			name = Release;
		};
		A070AFDD1A2FF98800FFC704 /* Debug */ = {
			isa = XCBuildConfiguration;
			buildSettings = {
				ASSETCATALOG_COMPILER_APPICON_NAME = AppIcon;
				CODE_SIGN_IDENTITY = "iPhone Developer";
				"CODE_SIGN_IDENTITY[sdk=iphoneos*]" = "iPhone Developer";
				INFOPLIST_FILE = TapBreak/Info.plist;
				LD_RUNPATH_SEARCH_PATHS = "$(inherited) @executable_path/Frameworks";
				PRODUCT_NAME = "$(TARGET_NAME)";
			};
			name = Debug;
		};
		A070AFDE1A2FF98800FFC704 /* Release */ = {
			isa = XCBuildConfiguration;
			buildSettings = {
				ASSETCATALOG_COMPILER_APPICON_NAME = AppIcon;
				CODE_SIGN_IDENTITY = "iPhone Developer";
				"CODE_SIGN_IDENTITY[sdk=iphoneos*]" = "iPhone Developer";
				INFOPLIST_FILE = TapBreak/Info.plist;
				LD_RUNPATH_SEARCH_PATHS = "$(inherited) @executable_path/Frameworks";
				PRODUCT_NAME = "$(TARGET_NAME)";
			};
			name = Release;
		};
		A070AFE01A2FF98800FFC704 /* Debug */ = {
			isa = XCBuildConfiguration;
			buildSettings = {
				BUNDLE_LOADER = "$(TEST_HOST)";
				FRAMEWORK_SEARCH_PATHS = (
					"$(SDKROOT)/Developer/Library/Frameworks",
					"$(inherited)",
				);
				GCC_PREPROCESSOR_DEFINITIONS = (
					"DEBUG=1",
					"$(inherited)",
				);
				INFOPLIST_FILE = TapBreakTests/Info.plist;
				LD_RUNPATH_SEARCH_PATHS = "$(inherited) @executable_path/Frameworks @loader_path/Frameworks";
				PRODUCT_NAME = "$(TARGET_NAME)";
				TEST_HOST = "$(BUILT_PRODUCTS_DIR)/TapBreak.app/TapBreak";
			};
			name = Debug;
		};
		A070AFE11A2FF98800FFC704 /* Release */ = {
			isa = XCBuildConfiguration;
			buildSettings = {
				BUNDLE_LOADER = "$(TEST_HOST)";
				FRAMEWORK_SEARCH_PATHS = (
					"$(SDKROOT)/Developer/Library/Frameworks",
					"$(inherited)",
				);
				INFOPLIST_FILE = TapBreakTests/Info.plist;
				LD_RUNPATH_SEARCH_PATHS = "$(inherited) @executable_path/Frameworks @loader_path/Frameworks";
				PRODUCT_NAME = "$(TARGET_NAME)";
				TEST_HOST = "$(BUILT_PRODUCTS_DIR)/TapBreak.app/TapBreak";
			};
			name = Release;
		};
/* End XCBuildConfiguration section */

/* Begin XCConfigurationList section */
		A070AFB41A2FF98800FFC704 /* Build configuration list for PBXProject "TapBreak" */ = {
			isa = XCConfigurationList;
			buildConfigurations = (
				A070AFDA1A2FF98800FFC704 /* Debug */,
				A070AFDB1A2FF98800FFC704 /* Release */,
			);
			defaultConfigurationIsVisible = 0;
			defaultConfigurationName = Release;
		};
		A070AFDC1A2FF98800FFC704 /* Build configuration list for PBXNativeTarget "TapBreak" */ = {
			isa = XCConfigurationList;
			buildConfigurations = (
				A070AFDD1A2FF98800FFC704 /* Debug */,
				A070AFDE1A2FF98800FFC704 /* Release */,
			);
			defaultConfigurationIsVisible = 0;
			defaultConfigurationName = Release;
		};
		A070AFDF1A2FF98800FFC704 /* Build configuration list for PBXNativeTarget "TapBreakTests" */ = {
			isa = XCConfigurationList;
			buildConfigurations = (
				A070AFE01A2FF98800FFC704 /* Debug */,
				A070AFE11A2FF98800FFC704 /* Release */,
			);
			defaultConfigurationIsVisible = 0;
			defaultConfigurationName = Release;
		};
/* End XCConfigurationList section */
	};
	rootObject = A070AFB11A2FF98800FFC704 /* Project object */;
}
